// !$*UTF8*$!
{
	archiveVersion = 1;
	classes = {
	};
	objectVersion = 56;
	objects = {

/* Begin PBXBuildFile section */
		060693032BA3476800037B53 /* LandmarksApp.swift in Sources */ = {isa = PBXBuildFile; fileRef = 060693022BA3476800037B53 /* LandmarksApp.swift */; };
		060693052BA3476800037B53 /* ContentView.swift in Sources */ = {isa = PBXBuildFile; fileRef = 060693042BA3476800037B53 /* ContentView.swift */; };
		060693072BA3476900037B53 /* Assets.xcassets in Resources */ = {isa = PBXBuildFile; fileRef = 060693062BA3476900037B53 /* Assets.xcassets */; };
		0606930A2BA3476900037B53 /* Preview Assets.xcassets in Resources */ = {isa = PBXBuildFile; fileRef = 060693092BA3476900037B53 /* Preview Assets.xcassets */; };
		060693142BA3476900037B53 /* LandmarksTests.swift in Sources */ = {isa = PBXBuildFile; fileRef = 060693132BA3476900037B53 /* LandmarksTests.swift */; };
		0606931E2BA3476900037B53 /* LandmarksUITests.swift in Sources */ = {isa = PBXBuildFile; fileRef = 0606931D2BA3476900037B53 /* LandmarksUITests.swift */; };
		060693202BA3476900037B53 /* LandmarksUITestsLaunchTests.swift in Sources */ = {isa = PBXBuildFile; fileRef = 0606931F2BA3476900037B53 /* LandmarksUITestsLaunchTests.swift */; };
		0606932D2BA35ECC00037B53 /* CircleImage.swift in Sources */ = {isa = PBXBuildFile; fileRef = 0606932C2BA35ECC00037B53 /* CircleImage.swift */; };
		0606932F2BA3606900037B53 /* MapView.swift in Sources */ = {isa = PBXBuildFile; fileRef = 0606932E2BA3606900037B53 /* MapView.swift */; };
		0606933B2BA36CA200037B53 /* LandmarkRow.swift in Sources */ = {isa = PBXBuildFile; fileRef = 0606933A2BA36CA200037B53 /* LandmarkRow.swift */; };
		0606933E2BA36E8800037B53 /* ModelData.swift in Sources */ = {isa = PBXBuildFile; fileRef = 0606933D2BA36E8800037B53 /* ModelData.swift */; };
		060693402BA36EC800037B53 /* Landmark.swift in Sources */ = {isa = PBXBuildFile; fileRef = 0606933F2BA36EC800037B53 /* Landmark.swift */; };
		060693432BA3723A00037B53 /* landmarkData.json in Resources */ = {isa = PBXBuildFile; fileRef = 060693422BA3723A00037B53 /* landmarkData.json */; };
		060693462BA3736600037B53 /* LandmarkList.swift in Sources */ = {isa = PBXBuildFile; fileRef = 060693452BA3736600037B53 /* LandmarkList.swift */; };
		060693482BA3743400037B53 /* LandmarkDetail.swift in Sources */ = {isa = PBXBuildFile; fileRef = 060693472BA3743400037B53 /* LandmarkDetail.swift */; };
		062028122BA87F1D006386C3 /* Profile.swift in Sources */ = {isa = PBXBuildFile; fileRef = 062028112BA87F1D006386C3 /* Profile.swift */; };
		062028152BA87FBC006386C3 /* ProfileHost.swift in Sources */ = {isa = PBXBuildFile; fileRef = 062028142BA87FBC006386C3 /* ProfileHost.swift */; };
		062028172BA88023006386C3 /* ProfileSummary.swift in Sources */ = {isa = PBXBuildFile; fileRef = 062028162BA88023006386C3 /* ProfileSummary.swift */; };
		062028192BA884BF006386C3 /* HikeBadge.swift in Sources */ = {isa = PBXBuildFile; fileRef = 062028182BA884BF006386C3 /* HikeBadge.swift */; };
		0620281B2BA89B60006386C3 /* ProfileEditor.swift in Sources */ = {isa = PBXBuildFile; fileRef = 0620281A2BA89B60006386C3 /* ProfileEditor.swift */; };
		0620281E2BA8A682006386C3 /* PageViewController.swift in Sources */ = {isa = PBXBuildFile; fileRef = 0620281D2BA8A682006386C3 /* PageViewController.swift */; };
		062028202BA8A7EE006386C3 /* FeatureCard.swift in Sources */ = {isa = PBXBuildFile; fileRef = 0620281F2BA8A7EE006386C3 /* FeatureCard.swift */; };
		062028222BA8A85E006386C3 /* PageView.swift in Sources */ = {isa = PBXBuildFile; fileRef = 062028212BA8A85E006386C3 /* PageView.swift */; };
		067F44432BA96F6D002DE268 /* PageControl.swift in Sources */ = {isa = PBXBuildFile; fileRef = 067F44422BA96F6D002DE268 /* PageControl.swift */; };
		06CC318D2BA61F410077D7D4 /* CategoryHome.swift in Sources */ = {isa = PBXBuildFile; fileRef = 06CC318C2BA61F410077D7D4 /* CategoryHome.swift */; };
		06CC318F2BA621A20077D7D4 /* CategoryRow.swift in Sources */ = {isa = PBXBuildFile; fileRef = 06CC318E2BA621A20077D7D4 /* CategoryRow.swift */; };
		06CC31912BA6236F0077D7D4 /* CategoryItem.swift in Sources */ = {isa = PBXBuildFile; fileRef = 06CC31902BA6236F0077D7D4 /* CategoryItem.swift */; };
		06F45B602BA44901004B2647 /* FavoriteButton.swift in Sources */ = {isa = PBXBuildFile; fileRef = 06F45B5F2BA44901004B2647 /* FavoriteButton.swift */; };
		06F45B642BA44DA7004B2647 /* HexagoneParameters.swift in Sources */ = {isa = PBXBuildFile; fileRef = 06F45B632BA44DA7004B2647 /* HexagoneParameters.swift */; };
		06F45B662BA478A6004B2647 /* BadgeBackground.swift in Sources */ = {isa = PBXBuildFile; fileRef = 06F45B652BA478A6004B2647 /* BadgeBackground.swift */; };
		06F45B682BA47AD7004B2647 /* BadgeSymbol.swift in Sources */ = {isa = PBXBuildFile; fileRef = 06F45B672BA47AD7004B2647 /* BadgeSymbol.swift */; };
		06F45B6A2BA47BA8004B2647 /* RotatedBadgeSymbol.swift in Sources */ = {isa = PBXBuildFile; fileRef = 06F45B692BA47BA8004B2647 /* RotatedBadgeSymbol.swift */; };
		06F45B6C2BA47C16004B2647 /* Badge.swift in Sources */ = {isa = PBXBuildFile; fileRef = 06F45B6B2BA47C16004B2647 /* Badge.swift */; };
		06F45B6F2BA49E36004B2647 /* hikeData.json in Resources */ = {isa = PBXBuildFile; fileRef = 06F45B6E2BA49E36004B2647 /* hikeData.json */; };
		06F45B722BA4A332004B2647 /* Hike.swift in Sources */ = {isa = PBXBuildFile; fileRef = 06F45B712BA4A332004B2647 /* Hike.swift */; };
		06F45B812BA4A402004B2647 /* GraphCapsule.swift in Sources */ = {isa = PBXBuildFile; fileRef = 06F45B7D2BA4A402004B2647 /* GraphCapsule.swift */; };
		06F45B822BA4A402004B2647 /* HikeGraph.swift in Sources */ = {isa = PBXBuildFile; fileRef = 06F45B7E2BA4A402004B2647 /* HikeGraph.swift */; };
		06F45B832BA4A402004B2647 /* HikeDetail.swift in Sources */ = {isa = PBXBuildFile; fileRef = 06F45B7F2BA4A402004B2647 /* HikeDetail.swift */; };
		06F45B842BA4A402004B2647 /* HikeView.swift in Sources */ = {isa = PBXBuildFile; fileRef = 06F45B802BA4A402004B2647 /* HikeView.swift */; };
/* End PBXBuildFile section */

/* Begin PBXContainerItemProxy section */
		060693102BA3476900037B53 /* PBXContainerItemProxy */ = {
			isa = PBXContainerItemProxy;
			containerPortal = 060692F72BA3476800037B53 /* Project object */;
			proxyType = 1;
			remoteGlobalIDString = 060692FE2BA3476800037B53;
			remoteInfo = Landmarks;
		};
		0606931A2BA3476900037B53 /* PBXContainerItemProxy */ = {
			isa = PBXContainerItemProxy;
			containerPortal = 060692F72BA3476800037B53 /* Project object */;
			proxyType = 1;
			remoteGlobalIDString = 060692FE2BA3476800037B53;
			remoteInfo = Landmarks;
		};
/* End PBXContainerItemProxy section */

/* Begin PBXFileReference section */
		060692FF2BA3476800037B53 /* Landmarks.app */ = {isa = PBXFileReference; explicitFileType = wrapper.application; includeInIndex = 0; path = Landmarks.app; sourceTree = BUILT_PRODUCTS_DIR; };
		060693022BA3476800037B53 /* LandmarksApp.swift */ = {isa = PBXFileReference; lastKnownFileType = sourcecode.swift; path = LandmarksApp.swift; sourceTree = "<group>"; };
		060693042BA3476800037B53 /* ContentView.swift */ = {isa = PBXFileReference; lastKnownFileType = sourcecode.swift; path = ContentView.swift; sourceTree = "<group>"; };
		060693062BA3476900037B53 /* Assets.xcassets */ = {isa = PBXFileReference; lastKnownFileType = folder.assetcatalog; path = Assets.xcassets; sourceTree = "<group>"; };
		060693092BA3476900037B53 /* Preview Assets.xcassets */ = {isa = PBXFileReference; lastKnownFileType = folder.assetcatalog; path = "Preview Assets.xcassets"; sourceTree = "<group>"; };
		0606930F2BA3476900037B53 /* LandmarksTests.xctest */ = {isa = PBXFileReference; explicitFileType = wrapper.cfbundle; includeInIndex = 0; path = LandmarksTests.xctest; sourceTree = BUILT_PRODUCTS_DIR; };
		060693132BA3476900037B53 /* LandmarksTests.swift */ = {isa = PBXFileReference; lastKnownFileType = sourcecode.swift; path = LandmarksTests.swift; sourceTree = "<group>"; };
		060693192BA3476900037B53 /* LandmarksUITests.xctest */ = {isa = PBXFileReference; explicitFileType = wrapper.cfbundle; includeInIndex = 0; path = LandmarksUITests.xctest; sourceTree = BUILT_PRODUCTS_DIR; };
		0606931D2BA3476900037B53 /* LandmarksUITests.swift */ = {isa = PBXFileReference; lastKnownFileType = sourcecode.swift; path = LandmarksUITests.swift; sourceTree = "<group>"; };
		0606931F2BA3476900037B53 /* LandmarksUITestsLaunchTests.swift */ = {isa = PBXFileReference; lastKnownFileType = sourcecode.swift; path = LandmarksUITestsLaunchTests.swift; sourceTree = "<group>"; };
		0606932C2BA35ECC00037B53 /* CircleImage.swift */ = {isa = PBXFileReference; lastKnownFileType = sourcecode.swift; path = CircleImage.swift; sourceTree = "<group>"; };
		0606932E2BA3606900037B53 /* MapView.swift */ = {isa = PBXFileReference; lastKnownFileType = sourcecode.swift; path = MapView.swift; sourceTree = "<group>"; };
		0606933A2BA36CA200037B53 /* LandmarkRow.swift */ = {isa = PBXFileReference; lastKnownFileType = sourcecode.swift; path = LandmarkRow.swift; sourceTree = "<group>"; };
		0606933D2BA36E8800037B53 /* ModelData.swift */ = {isa = PBXFileReference; lastKnownFileType = sourcecode.swift; path = ModelData.swift; sourceTree = "<group>"; };
		0606933F2BA36EC800037B53 /* Landmark.swift */ = {isa = PBXFileReference; lastKnownFileType = sourcecode.swift; path = Landmark.swift; sourceTree = "<group>"; };
		060693422BA3723A00037B53 /* landmarkData.json */ = {isa = PBXFileReference; fileEncoding = 4; lastKnownFileType = text.json; path = landmarkData.json; sourceTree = "<group>"; };
		060693452BA3736600037B53 /* LandmarkList.swift */ = {isa = PBXFileReference; lastKnownFileType = sourcecode.swift; path = LandmarkList.swift; sourceTree = "<group>"; };
		060693472BA3743400037B53 /* LandmarkDetail.swift */ = {isa = PBXFileReference; lastKnownFileType = sourcecode.swift; path = LandmarkDetail.swift; sourceTree = "<group>"; };
		062028112BA87F1D006386C3 /* Profile.swift */ = {isa = PBXFileReference; lastKnownFileType = sourcecode.swift; path = Profile.swift; sourceTree = "<group>"; };
		062028142BA87FBC006386C3 /* ProfileHost.swift */ = {isa = PBXFileReference; lastKnownFileType = sourcecode.swift; path = ProfileHost.swift; sourceTree = "<group>"; };
		062028162BA88023006386C3 /* ProfileSummary.swift */ = {isa = PBXFileReference; lastKnownFileType = sourcecode.swift; path = ProfileSummary.swift; sourceTree = "<group>"; };
		062028182BA884BF006386C3 /* HikeBadge.swift */ = {isa = PBXFileReference; lastKnownFileType = sourcecode.swift; path = HikeBadge.swift; sourceTree = "<group>"; };
		0620281A2BA89B60006386C3 /* ProfileEditor.swift */ = {isa = PBXFileReference; lastKnownFileType = sourcecode.swift; path = ProfileEditor.swift; sourceTree = "<group>"; };
		0620281D2BA8A682006386C3 /* PageViewController.swift */ = {isa = PBXFileReference; lastKnownFileType = sourcecode.swift; path = PageViewController.swift; sourceTree = "<group>"; };
		0620281F2BA8A7EE006386C3 /* FeatureCard.swift */ = {isa = PBXFileReference; lastKnownFileType = sourcecode.swift; path = FeatureCard.swift; sourceTree = "<group>"; };
		062028212BA8A85E006386C3 /* PageView.swift */ = {isa = PBXFileReference; lastKnownFileType = sourcecode.swift; path = PageView.swift; sourceTree = "<group>"; };
		067F44422BA96F6D002DE268 /* PageControl.swift */ = {isa = PBXFileReference; lastKnownFileType = sourcecode.swift; path = PageControl.swift; sourceTree = "<group>"; };
		06CC318C2BA61F410077D7D4 /* CategoryHome.swift */ = {isa = PBXFileReference; lastKnownFileType = sourcecode.swift; path = CategoryHome.swift; sourceTree = "<group>"; };
		06CC318E2BA621A20077D7D4 /* CategoryRow.swift */ = {isa = PBXFileReference; lastKnownFileType = sourcecode.swift; path = CategoryRow.swift; sourceTree = "<group>"; };
		06CC31902BA6236F0077D7D4 /* CategoryItem.swift */ = {isa = PBXFileReference; lastKnownFileType = sourcecode.swift; path = CategoryItem.swift; sourceTree = "<group>"; };
		06F45B5F2BA44901004B2647 /* FavoriteButton.swift */ = {isa = PBXFileReference; lastKnownFileType = sourcecode.swift; path = FavoriteButton.swift; sourceTree = "<group>"; };
		06F45B632BA44DA7004B2647 /* HexagoneParameters.swift */ = {isa = PBXFileReference; lastKnownFileType = sourcecode.swift; path = HexagoneParameters.swift; sourceTree = "<group>"; };
		06F45B652BA478A6004B2647 /* BadgeBackground.swift */ = {isa = PBXFileReference; lastKnownFileType = sourcecode.swift; path = BadgeBackground.swift; sourceTree = "<group>"; };
		06F45B672BA47AD7004B2647 /* BadgeSymbol.swift */ = {isa = PBXFileReference; lastKnownFileType = sourcecode.swift; path = BadgeSymbol.swift; sourceTree = "<group>"; };
		06F45B692BA47BA8004B2647 /* RotatedBadgeSymbol.swift */ = {isa = PBXFileReference; lastKnownFileType = sourcecode.swift; path = RotatedBadgeSymbol.swift; sourceTree = "<group>"; };
		06F45B6B2BA47C16004B2647 /* Badge.swift */ = {isa = PBXFileReference; lastKnownFileType = sourcecode.swift; path = Badge.swift; sourceTree = "<group>"; };
		06F45B6E2BA49E36004B2647 /* hikeData.json */ = {isa = PBXFileReference; fileEncoding = 4; lastKnownFileType = text.json; path = hikeData.json; sourceTree = "<group>"; };
		06F45B712BA4A332004B2647 /* Hike.swift */ = {isa = PBXFileReference; lastKnownFileType = sourcecode.swift; path = Hike.swift; sourceTree = "<group>"; };
		06F45B7D2BA4A402004B2647 /* GraphCapsule.swift */ = {isa = PBXFileReference; fileEncoding = 4; lastKnownFileType = sourcecode.swift; path = GraphCapsule.swift; sourceTree = "<group>"; };
		06F45B7E2BA4A402004B2647 /* HikeGraph.swift */ = {isa = PBXFileReference; fileEncoding = 4; lastKnownFileType = sourcecode.swift; path = HikeGraph.swift; sourceTree = "<group>"; };
		06F45B7F2BA4A402004B2647 /* HikeDetail.swift */ = {isa = PBXFileReference; fileEncoding = 4; lastKnownFileType = sourcecode.swift; path = HikeDetail.swift; sourceTree = "<group>"; };
		06F45B802BA4A402004B2647 /* HikeView.swift */ = {isa = PBXFileReference; fileEncoding = 4; lastKnownFileType = sourcecode.swift; path = HikeView.swift; sourceTree = "<group>"; };
/* End PBXFileReference section */

/* Begin PBXFrameworksBuildPhase section */
		060692FC2BA3476800037B53 /* Frameworks */ = {
			isa = PBXFrameworksBuildPhase;
			buildActionMask = 2147483647;
			files = (
			);
			runOnlyForDeploymentPostprocessing = 0;
		};
		0606930C2BA3476900037B53 /* Frameworks */ = {
			isa = PBXFrameworksBuildPhase;
			buildActionMask = 2147483647;
			files = (
			);
			runOnlyForDeploymentPostprocessing = 0;
		};
		060693162BA3476900037B53 /* Frameworks */ = {
			isa = PBXFrameworksBuildPhase;
			buildActionMask = 2147483647;
			files = (
			);
			runOnlyForDeploymentPostprocessing = 0;
		};
/* End PBXFrameworksBuildPhase section */

/* Begin PBXGroup section */
		060692F62BA3476800037B53 = {
			isa = PBXGroup;
			children = (
				06F45B6E2BA49E36004B2647 /* hikeData.json */,
				060693422BA3723A00037B53 /* landmarkData.json */,
				060693012BA3476800037B53 /* Landmarks */,
				060693122BA3476900037B53 /* LandmarksTests */,
				0606931C2BA3476900037B53 /* LandmarksUITests */,
				060693002BA3476800037B53 /* Products */,
			);
			sourceTree = "<group>";
		};
		060693002BA3476800037B53 /* Products */ = {
			isa = PBXGroup;
			children = (
				060692FF2BA3476800037B53 /* Landmarks.app */,
				0606930F2BA3476900037B53 /* LandmarksTests.xctest */,
				060693192BA3476900037B53 /* LandmarksUITests.xctest */,
			);
			name = Products;
			sourceTree = "<group>";
		};
		060693012BA3476800037B53 /* Landmarks */ = {
			isa = PBXGroup;
			children = (
				06F45B702BA4A31D004B2647 /* Model */,
				060693442BA3731500037B53 /* Views */,
				060693022BA3476800037B53 /* LandmarksApp.swift */,
				060693062BA3476900037B53 /* Assets.xcassets */,
				060693082BA3476900037B53 /* Preview Content */,
			);
			path = Landmarks;
			sourceTree = "<group>";
		};
		060693082BA3476900037B53 /* Preview Content */ = {
			isa = PBXGroup;
			children = (
				060693092BA3476900037B53 /* Preview Assets.xcassets */,
			);
			path = "Preview Content";
			sourceTree = "<group>";
		};
		060693122BA3476900037B53 /* LandmarksTests */ = {
			isa = PBXGroup;
			children = (
				060693132BA3476900037B53 /* LandmarksTests.swift */,
			);
			path = LandmarksTests;
			sourceTree = "<group>";
		};
		0606931C2BA3476900037B53 /* LandmarksUITests */ = {
			isa = PBXGroup;
			children = (
				0606931D2BA3476900037B53 /* LandmarksUITests.swift */,
				0606931F2BA3476900037B53 /* LandmarksUITestsLaunchTests.swift */,
			);
			path = LandmarksUITests;
			sourceTree = "<group>";
		};
		060693442BA3731500037B53 /* Views */ = {
			isa = PBXGroup;
			children = (
				0620281C2BA8A668006386C3 /* PageView */,
				062028132BA87FA4006386C3 /* Profiles */,
				06CC318B2BA61F280077D7D4 /* Categories */,
				06F45B7C2BA4A402004B2647 /* Hikes */,
				06F45B622BA4498B004B2647 /* Helpers */,
				060693042BA3476800037B53 /* ContentView.swift */,
				06F45B612BA44979004B2647 /* Landmarks */,
				06F45B6D2BA47C9B004B2647 /* Badges */,
			);
			path = Views;
			sourceTree = "<group>";
		};
		062028132BA87FA4006386C3 /* Profiles */ = {
			isa = PBXGroup;
			children = (
				062028142BA87FBC006386C3 /* ProfileHost.swift */,
				062028162BA88023006386C3 /* ProfileSummary.swift */,
				0620281A2BA89B60006386C3 /* ProfileEditor.swift */,
			);
			path = Profiles;
			sourceTree = "<group>";
		};
		0620281C2BA8A668006386C3 /* PageView */ = {
			isa = PBXGroup;
			children = (
				0620281D2BA8A682006386C3 /* PageViewController.swift */,
				062028212BA8A85E006386C3 /* PageView.swift */,
				067F44422BA96F6D002DE268 /* PageControl.swift */,
			);
			path = PageView;
			sourceTree = "<group>";
		};
		06CC318B2BA61F280077D7D4 /* Categories */ = {
			isa = PBXGroup;
			children = (
				06CC318C2BA61F410077D7D4 /* CategoryHome.swift */,
				06CC318E2BA621A20077D7D4 /* CategoryRow.swift */,
				06CC31902BA6236F0077D7D4 /* CategoryItem.swift */,
			);
			path = Categories;
			sourceTree = "<group>";
		};
		06F45B612BA44979004B2647 /* Landmarks */ = {
			isa = PBXGroup;
			children = (
				0606933A2BA36CA200037B53 /* LandmarkRow.swift */,
				060693452BA3736600037B53 /* LandmarkList.swift */,
				060693472BA3743400037B53 /* LandmarkDetail.swift */,
			);
			path = Landmarks;
			sourceTree = "<group>";
		};
		06F45B622BA4498B004B2647 /* Helpers */ = {
			isa = PBXGroup;
			children = (
				0606932C2BA35ECC00037B53 /* CircleImage.swift */,
				0606932E2BA3606900037B53 /* MapView.swift */,
				06F45B5F2BA44901004B2647 /* FavoriteButton.swift */,
				0620281F2BA8A7EE006386C3 /* FeatureCard.swift */,
			);
			path = Helpers;
			sourceTree = "<group>";
		};
		06F45B6D2BA47C9B004B2647 /* Badges */ = {
			isa = PBXGroup;
			children = (
				06F45B632BA44DA7004B2647 /* HexagoneParameters.swift */,
				06F45B652BA478A6004B2647 /* BadgeBackground.swift */,
				06F45B672BA47AD7004B2647 /* BadgeSymbol.swift */,
				06F45B692BA47BA8004B2647 /* RotatedBadgeSymbol.swift */,
				06F45B6B2BA47C16004B2647 /* Badge.swift */,
			);
			path = Badges;
			sourceTree = "<group>";
		};
		06F45B702BA4A31D004B2647 /* Model */ = {
			isa = PBXGroup;
			children = (
				0606933D2BA36E8800037B53 /* ModelData.swift */,
				06F45B712BA4A332004B2647 /* Hike.swift */,
				0606933F2BA36EC800037B53 /* Landmark.swift */,
				062028112BA87F1D006386C3 /* Profile.swift */,
			);
			name = Model;
			path = Views/Model;
			sourceTree = "<group>";
		};
		06F45B7C2BA4A402004B2647 /* Hikes */ = {
			isa = PBXGroup;
			children = (
				06F45B7D2BA4A402004B2647 /* GraphCapsule.swift */,
				06F45B7E2BA4A402004B2647 /* HikeGraph.swift */,
				06F45B7F2BA4A402004B2647 /* HikeDetail.swift */,
				06F45B802BA4A402004B2647 /* HikeView.swift */,
				062028182BA884BF006386C3 /* HikeBadge.swift */,
			);
			path = Hikes;
			sourceTree = "<group>";
		};
/* End PBXGroup section */

/* Begin PBXNativeTarget section */
		060692FE2BA3476800037B53 /* Landmarks */ = {
			isa = PBXNativeTarget;
			buildConfigurationList = 060693232BA3476900037B53 /* Build configuration list for PBXNativeTarget "Landmarks" */;
			buildPhases = (
				060692FB2BA3476800037B53 /* Sources */,
				060692FC2BA3476800037B53 /* Frameworks */,
				060692FD2BA3476800037B53 /* Resources */,
			);
			buildRules = (
			);
			dependencies = (
			);
			name = Landmarks;
			productName = Landmarks;
			productReference = 060692FF2BA3476800037B53 /* Landmarks.app */;
			productType = "com.apple.product-type.application";
		};
		0606930E2BA3476900037B53 /* LandmarksTests */ = {
			isa = PBXNativeTarget;
			buildConfigurationList = 060693262BA3476900037B53 /* Build configuration list for PBXNativeTarget "LandmarksTests" */;
			buildPhases = (
				0606930B2BA3476900037B53 /* Sources */,
				0606930C2BA3476900037B53 /* Frameworks */,
				0606930D2BA3476900037B53 /* Resources */,
			);
			buildRules = (
			);
			dependencies = (
				060693112BA3476900037B53 /* PBXTargetDependency */,
			);
			name = LandmarksTests;
			productName = LandmarksTests;
			productReference = 0606930F2BA3476900037B53 /* LandmarksTests.xctest */;
			productType = "com.apple.product-type.bundle.unit-test";
		};
		060693182BA3476900037B53 /* LandmarksUITests */ = {
			isa = PBXNativeTarget;
			buildConfigurationList = 060693292BA3476900037B53 /* Build configuration list for PBXNativeTarget "LandmarksUITests" */;
			buildPhases = (
				060693152BA3476900037B53 /* Sources */,
				060693162BA3476900037B53 /* Frameworks */,
				060693172BA3476900037B53 /* Resources */,
			);
			buildRules = (
			);
			dependencies = (
				0606931B2BA3476900037B53 /* PBXTargetDependency */,
			);
			name = LandmarksUITests;
			productName = LandmarksUITests;
			productReference = 060693192BA3476900037B53 /* LandmarksUITests.xctest */;
			productType = "com.apple.product-type.bundle.ui-testing";
		};
/* End PBXNativeTarget section */

/* Begin PBXProject section */
		060692F72BA3476800037B53 /* Project object */ = {
			isa = PBXProject;
			attributes = {
				BuildIndependentTargetsInParallel = 1;
				LastSwiftUpdateCheck = 1520;
				LastUpgradeCheck = 1520;
				TargetAttributes = {
					060692FE2BA3476800037B53 = {
						CreatedOnToolsVersion = 15.2;
					};
					0606930E2BA3476900037B53 = {
						CreatedOnToolsVersion = 15.2;
						TestTargetID = 060692FE2BA3476800037B53;
					};
					060693182BA3476900037B53 = {
						CreatedOnToolsVersion = 15.2;
						TestTargetID = 060692FE2BA3476800037B53;
					};
				};
			};
			buildConfigurationList = 060692FA2BA3476800037B53 /* Build configuration list for PBXProject "Landmarks" */;
			compatibilityVersion = "Xcode 14.0";
			developmentRegion = en;
			hasScannedForEncodings = 0;
			knownRegions = (
				en,
				Base,
			);
			mainGroup = 060692F62BA3476800037B53;
			productRefGroup = 060693002BA3476800037B53 /* Products */;
			projectDirPath = "";
			projectRoot = "";
			targets = (
				060692FE2BA3476800037B53 /* Landmarks */,
				0606930E2BA3476900037B53 /* LandmarksTests */,
				060693182BA3476900037B53 /* LandmarksUITests */,
			);
		};
/* End PBXProject section */

/* Begin PBXResourcesBuildPhase section */
		060692FD2BA3476800037B53 /* Resources */ = {
			isa = PBXResourcesBuildPhase;
			buildActionMask = 2147483647;
			files = (
				06F45B6F2BA49E36004B2647 /* hikeData.json in Resources */,
				0606930A2BA3476900037B53 /* Preview Assets.xcassets in Resources */,
				060693072BA3476900037B53 /* Assets.xcassets in Resources */,
				060693432BA3723A00037B53 /* landmarkData.json in Resources */,
			);
			runOnlyForDeploymentPostprocessing = 0;
		};
		0606930D2BA3476900037B53 /* Resources */ = {
			isa = PBXResourcesBuildPhase;
			buildActionMask = 2147483647;
			files = (
			);
			runOnlyForDeploymentPostprocessing = 0;
		};
		060693172BA3476900037B53 /* Resources */ = {
			isa = PBXResourcesBuildPhase;
			buildActionMask = 2147483647;
			files = (
			);
			runOnlyForDeploymentPostprocessing = 0;
		};
/* End PBXResourcesBuildPhase section */

/* Begin PBXSourcesBuildPhase section */
		060692FB2BA3476800037B53 /* Sources */ = {
			isa = PBXSourcesBuildPhase;
			buildActionMask = 2147483647;
			files = (
				06CC318F2BA621A20077D7D4 /* CategoryRow.swift in Sources */,
				062028122BA87F1D006386C3 /* Profile.swift in Sources */,
				060693402BA36EC800037B53 /* Landmark.swift in Sources */,
				06CC318D2BA61F410077D7D4 /* CategoryHome.swift in Sources */,
				062028202BA8A7EE006386C3 /* FeatureCard.swift in Sources */,
				06F45B822BA4A402004B2647 /* HikeGraph.swift in Sources */,
				06F45B6C2BA47C16004B2647 /* Badge.swift in Sources */,
				060693052BA3476800037B53 /* ContentView.swift in Sources */,
				06F45B812BA4A402004B2647 /* GraphCapsule.swift in Sources */,
				0606932F2BA3606900037B53 /* MapView.swift in Sources */,
				067F44432BA96F6D002DE268 /* PageControl.swift in Sources */,
				06F45B602BA44901004B2647 /* FavoriteButton.swift in Sources */,
				06CC31912BA6236F0077D7D4 /* CategoryItem.swift in Sources */,
				06F45B832BA4A402004B2647 /* HikeDetail.swift in Sources */,
				062028172BA88023006386C3 /* ProfileSummary.swift in Sources */,
				060693462BA3736600037B53 /* LandmarkList.swift in Sources */,
				062028152BA87FBC006386C3 /* ProfileHost.swift in Sources */,
				06F45B722BA4A332004B2647 /* Hike.swift in Sources */,
				06F45B6A2BA47BA8004B2647 /* RotatedBadgeSymbol.swift in Sources */,
				062028222BA8A85E006386C3 /* PageView.swift in Sources */,
				06F45B682BA47AD7004B2647 /* BadgeSymbol.swift in Sources */,
				0620281B2BA89B60006386C3 /* ProfileEditor.swift in Sources */,
				060693482BA3743400037B53 /* LandmarkDetail.swift in Sources */,
				06F45B842BA4A402004B2647 /* HikeView.swift in Sources */,
				060693032BA3476800037B53 /* LandmarksApp.swift in Sources */,
				0620281E2BA8A682006386C3 /* PageViewController.swift in Sources */,
				06F45B662BA478A6004B2647 /* BadgeBackground.swift in Sources */,
				062028192BA884BF006386C3 /* HikeBadge.swift in Sources */,
				0606932D2BA35ECC00037B53 /* CircleImage.swift in Sources */,
				0606933B2BA36CA200037B53 /* LandmarkRow.swift in Sources */,
				0606933E2BA36E8800037B53 /* ModelData.swift in Sources */,
				06F45B642BA44DA7004B2647 /* HexagoneParameters.swift in Sources */,
			);
			runOnlyForDeploymentPostprocessing = 0;
		};
		0606930B2BA3476900037B53 /* Sources */ = {
			isa = PBXSourcesBuildPhase;
			buildActionMask = 2147483647;
			files = (
				060693142BA3476900037B53 /* LandmarksTests.swift in Sources */,
			);
			runOnlyForDeploymentPostprocessing = 0;
		};
		060693152BA3476900037B53 /* Sources */ = {
			isa = PBXSourcesBuildPhase;
			buildActionMask = 2147483647;
			files = (
				060693202BA3476900037B53 /* LandmarksUITestsLaunchTests.swift in Sources */,
				0606931E2BA3476900037B53 /* LandmarksUITests.swift in Sources */,
			);
			runOnlyForDeploymentPostprocessing = 0;
		};
/* End PBXSourcesBuildPhase section */

/* Begin PBXTargetDependency section */
		060693112BA3476900037B53 /* PBXTargetDependency */ = {
			isa = PBXTargetDependency;
			target = 060692FE2BA3476800037B53 /* Landmarks */;
			targetProxy = 060693102BA3476900037B53 /* PBXContainerItemProxy */;
		};
		0606931B2BA3476900037B53 /* PBXTargetDependency */ = {
			isa = PBXTargetDependency;
			target = 060692FE2BA3476800037B53 /* Landmarks */;
			targetProxy = 0606931A2BA3476900037B53 /* PBXContainerItemProxy */;
		};
/* End PBXTargetDependency section */

/* Begin XCBuildConfiguration section */
		060693212BA3476900037B53 /* Debug */ = {
			isa = XCBuildConfiguration;
			buildSettings = {
				ALWAYS_SEARCH_USER_PATHS = NO;
				ASSETCATALOG_COMPILER_GENERATE_SWIFT_ASSET_SYMBOL_EXTENSIONS = YES;
				CLANG_ANALYZER_NONNULL = YES;
				CLANG_ANALYZER_NUMBER_OBJECT_CONVERSION = YES_AGGRESSIVE;
				CLANG_CXX_LANGUAGE_STANDARD = "gnu++20";
				CLANG_ENABLE_MODULES = YES;
				CLANG_ENABLE_OBJC_ARC = YES;
				CLANG_ENABLE_OBJC_WEAK = YES;
				CLANG_WARN_BLOCK_CAPTURE_AUTORELEASING = YES;
				CLANG_WARN_BOOL_CONVERSION = YES;
				CLANG_WARN_COMMA = YES;
				CLANG_WARN_CONSTANT_CONVERSION = YES;
				CLANG_WARN_DEPRECATED_OBJC_IMPLEMENTATIONS = YES;
				CLANG_WARN_DIRECT_OBJC_ISA_USAGE = YES_ERROR;
				CLANG_WARN_DOCUMENTATION_COMMENTS = YES;
				CLANG_WARN_EMPTY_BODY = YES;
				CLANG_WARN_ENUM_CONVERSION = YES;
				CLANG_WARN_INFINITE_RECURSION = YES;
				CLANG_WARN_INT_CONVERSION = YES;
				CLANG_WARN_NON_LITERAL_NULL_CONVERSION = YES;
				CLANG_WARN_OBJC_IMPLICIT_RETAIN_SELF = YES;
				CLANG_WARN_OBJC_LITERAL_CONVERSION = YES;
				CLANG_WARN_OBJC_ROOT_CLASS = YES_ERROR;
				CLANG_WARN_QUOTED_INCLUDE_IN_FRAMEWORK_HEADER = YES;
				CLANG_WARN_RANGE_LOOP_ANALYSIS = YES;
				CLANG_WARN_STRICT_PROTOTYPES = YES;
				CLANG_WARN_SUSPICIOUS_MOVE = YES;
				CLANG_WARN_UNGUARDED_AVAILABILITY = YES_AGGRESSIVE;
				CLANG_WARN_UNREACHABLE_CODE = YES;
				CLANG_WARN__DUPLICATE_METHOD_MATCH = YES;
				COPY_PHASE_STRIP = NO;
				DEBUG_INFORMATION_FORMAT = dwarf;
				ENABLE_STRICT_OBJC_MSGSEND = YES;
				ENABLE_TESTABILITY = YES;
				ENABLE_USER_SCRIPT_SANDBOXING = YES;
				GCC_C_LANGUAGE_STANDARD = gnu17;
				GCC_DYNAMIC_NO_PIC = NO;
				GCC_NO_COMMON_BLOCKS = YES;
				GCC_OPTIMIZATION_LEVEL = 0;
				GCC_PREPROCESSOR_DEFINITIONS = (
					"DEBUG=1",
					"$(inherited)",
				);
				GCC_WARN_64_TO_32_BIT_CONVERSION = YES;
				GCC_WARN_ABOUT_RETURN_TYPE = YES_ERROR;
				GCC_WARN_UNDECLARED_SELECTOR = YES;
				GCC_WARN_UNINITIALIZED_AUTOS = YES_AGGRESSIVE;
				GCC_WARN_UNUSED_FUNCTION = YES;
				GCC_WARN_UNUSED_VARIABLE = YES;
				IPHONEOS_DEPLOYMENT_TARGET = 17.2;
				LOCALIZATION_PREFERS_STRING_CATALOGS = YES;
				MTL_ENABLE_DEBUG_INFO = INCLUDE_SOURCE;
				MTL_FAST_MATH = YES;
				ONLY_ACTIVE_ARCH = YES;
				SDKROOT = iphoneos;
				SWIFT_ACTIVE_COMPILATION_CONDITIONS = "DEBUG $(inherited)";
				SWIFT_OPTIMIZATION_LEVEL = "-Onone";
			};
			name = Debug;
		};
		060693222BA3476900037B53 /* Release */ = {
			isa = XCBuildConfiguration;
			buildSettings = {
				ALWAYS_SEARCH_USER_PATHS = NO;
				ASSETCATALOG_COMPILER_GENERATE_SWIFT_ASSET_SYMBOL_EXTENSIONS = YES;
				CLANG_ANALYZER_NONNULL = YES;
				CLANG_ANALYZER_NUMBER_OBJECT_CONVERSION = YES_AGGRESSIVE;
				CLANG_CXX_LANGUAGE_STANDARD = "gnu++20";
				CLANG_ENABLE_MODULES = YES;
				CLANG_ENABLE_OBJC_ARC = YES;
				CLANG_ENABLE_OBJC_WEAK = YES;
				CLANG_WARN_BLOCK_CAPTURE_AUTORELEASING = YES;
				CLANG_WARN_BOOL_CONVERSION = YES;
				CLANG_WARN_COMMA = YES;
				CLANG_WARN_CONSTANT_CONVERSION = YES;
				CLANG_WARN_DEPRECATED_OBJC_IMPLEMENTATIONS = YES;
				CLANG_WARN_DIRECT_OBJC_ISA_USAGE = YES_ERROR;
				CLANG_WARN_DOCUMENTATION_COMMENTS = YES;
				CLANG_WARN_EMPTY_BODY = YES;
				CLANG_WARN_ENUM_CONVERSION = YES;
				CLANG_WARN_INFINITE_RECURSION = YES;
				CLANG_WARN_INT_CONVERSION = YES;
				CLANG_WARN_NON_LITERAL_NULL_CONVERSION = YES;
				CLANG_WARN_OBJC_IMPLICIT_RETAIN_SELF = YES;
				CLANG_WARN_OBJC_LITERAL_CONVERSION = YES;
				CLANG_WARN_OBJC_ROOT_CLASS = YES_ERROR;
				CLANG_WARN_QUOTED_INCLUDE_IN_FRAMEWORK_HEADER = YES;
				CLANG_WARN_RANGE_LOOP_ANALYSIS = YES;
				CLANG_WARN_STRICT_PROTOTYPES = YES;
				CLANG_WARN_SUSPICIOUS_MOVE = YES;
				CLANG_WARN_UNGUARDED_AVAILABILITY = YES_AGGRESSIVE;
				CLANG_WARN_UNREACHABLE_CODE = YES;
				CLANG_WARN__DUPLICATE_METHOD_MATCH = YES;
				COPY_PHASE_STRIP = NO;
				DEBUG_INFORMATION_FORMAT = "dwarf-with-dsym";
				ENABLE_NS_ASSERTIONS = NO;
				ENABLE_STRICT_OBJC_MSGSEND = YES;
				ENABLE_USER_SCRIPT_SANDBOXING = YES;
				GCC_C_LANGUAGE_STANDARD = gnu17;
				GCC_NO_COMMON_BLOCKS = YES;
				GCC_WARN_64_TO_32_BIT_CONVERSION = YES;
				GCC_WARN_ABOUT_RETURN_TYPE = YES_ERROR;
				GCC_WARN_UNDECLARED_SELECTOR = YES;
				GCC_WARN_UNINITIALIZED_AUTOS = YES_AGGRESSIVE;
				GCC_WARN_UNUSED_FUNCTION = YES;
				GCC_WARN_UNUSED_VARIABLE = YES;
				IPHONEOS_DEPLOYMENT_TARGET = 17.2;
				LOCALIZATION_PREFERS_STRING_CATALOGS = YES;
				MTL_ENABLE_DEBUG_INFO = NO;
				MTL_FAST_MATH = YES;
				SDKROOT = iphoneos;
				SWIFT_COMPILATION_MODE = wholemodule;
				VALIDATE_PRODUCT = YES;
			};
			name = Release;
		};
		060693242BA3476900037B53 /* Debug */ = {
			isa = XCBuildConfiguration;
			buildSettings = {
				ASSETCATALOG_COMPILER_APPICON_NAME = AppIcon;
				ASSETCATALOG_COMPILER_GLOBAL_ACCENT_COLOR_NAME = AccentColor;
				CODE_SIGN_STYLE = Automatic;
				CURRENT_PROJECT_VERSION = 1;
				DEVELOPMENT_ASSET_PATHS = "\"Landmarks/Preview Content\"";
				ENABLE_PREVIEWS = YES;
				GENERATE_INFOPLIST_FILE = YES;
				INFOPLIST_KEY_UIApplicationSceneManifest_Generation = YES;
				INFOPLIST_KEY_UIApplicationSupportsIndirectInputEvents = YES;
				INFOPLIST_KEY_UILaunchScreen_Generation = YES;
				INFOPLIST_KEY_UISupportedInterfaceOrientations_iPad = "UIInterfaceOrientationPortrait UIInterfaceOrientationPortraitUpsideDown UIInterfaceOrientationLandscapeLeft UIInterfaceOrientationLandscapeRight";
				INFOPLIST_KEY_UISupportedInterfaceOrientations_iPhone = "UIInterfaceOrientationPortrait UIInterfaceOrientationLandscapeLeft UIInterfaceOrientationLandscapeRight";
				LD_RUNPATH_SEARCH_PATHS = (
					"$(inherited)",
					"@executable_path/Frameworks",
				);
				MARKETING_VERSION = 1.0;
				PRODUCT_BUNDLE_IDENTIFIER = com.example.swiftUI.Landmarks;
				PRODUCT_NAME = "$(TARGET_NAME)";
				SWIFT_EMIT_LOC_STRINGS = YES;
				SWIFT_VERSION = 5.0;
				TARGETED_DEVICE_FAMILY = "1,2";
			};
			name = Debug;
		};
		060693252BA3476900037B53 /* Release */ = {
			isa = XCBuildConfiguration;
			buildSettings = {
				ASSETCATALOG_COMPILER_APPICON_NAME = AppIcon;
				ASSETCATALOG_COMPILER_GLOBAL_ACCENT_COLOR_NAME = AccentColor;
				CODE_SIGN_STYLE = Automatic;
				CURRENT_PROJECT_VERSION = 1;
				DEVELOPMENT_ASSET_PATHS = "\"Landmarks/Preview Content\"";
				ENABLE_PREVIEWS = YES;
				GENERATE_INFOPLIST_FILE = YES;
				INFOPLIST_KEY_UIApplicationSceneManifest_Generation = YES;
				INFOPLIST_KEY_UIApplicationSupportsIndirectInputEvents = YES;
				INFOPLIST_KEY_UILaunchScreen_Generation = YES;
				INFOPLIST_KEY_UISupportedInterfaceOrientations_iPad = "UIInterfaceOrientationPortrait UIInterfaceOrientationPortraitUpsideDown UIInterfaceOrientationLandscapeLeft UIInterfaceOrientationLandscapeRight";
				INFOPLIST_KEY_UISupportedInterfaceOrientations_iPhone = "UIInterfaceOrientationPortrait UIInterfaceOrientationLandscapeLeft UIInterfaceOrientationLandscapeRight";
				LD_RUNPATH_SEARCH_PATHS = (
					"$(inherited)",
					"@executable_path/Frameworks",
				);
				MARKETING_VERSION = 1.0;
				PRODUCT_BUNDLE_IDENTIFIER = com.example.swiftUI.Landmarks;
				PRODUCT_NAME = "$(TARGET_NAME)";
				SWIFT_EMIT_LOC_STRINGS = YES;
				SWIFT_VERSION = 5.0;
				TARGETED_DEVICE_FAMILY = "1,2";
			};
			name = Release;
		};
		060693272BA3476900037B53 /* Debug */ = {
			isa = XCBuildConfiguration;
			buildSettings = {
				ALWAYS_EMBED_SWIFT_STANDARD_LIBRARIES = YES;
				BUNDLE_LOADER = "$(TEST_HOST)";
				CODE_SIGN_STYLE = Automatic;
				CURRENT_PROJECT_VERSION = 1;
				GENERATE_INFOPLIST_FILE = YES;
				IPHONEOS_DEPLOYMENT_TARGET = 17.2;
				MARKETING_VERSION = 1.0;
				PRODUCT_BUNDLE_IDENTIFIER = com.example.swiftUI.LandmarksTests;
				PRODUCT_NAME = "$(TARGET_NAME)";
				SWIFT_EMIT_LOC_STRINGS = NO;
				SWIFT_VERSION = 5.0;
				TARGETED_DEVICE_FAMILY = "1,2";
				TEST_HOST = "$(BUILT_PRODUCTS_DIR)/Landmarks.app/$(BUNDLE_EXECUTABLE_FOLDER_PATH)/Landmarks";
			};
			name = Debug;
		};
		060693282BA3476900037B53 /* Release */ = {
			isa = XCBuildConfiguration;
			buildSettings = {
				ALWAYS_EMBED_SWIFT_STANDARD_LIBRARIES = YES;
				BUNDLE_LOADER = "$(TEST_HOST)";
				CODE_SIGN_STYLE = Automatic;
				CURRENT_PROJECT_VERSION = 1;
				GENERATE_INFOPLIST_FILE = YES;
				IPHONEOS_DEPLOYMENT_TARGET = 17.2;
				MARKETING_VERSION = 1.0;
				PRODUCT_BUNDLE_IDENTIFIER = com.example.swiftUI.LandmarksTests;
				PRODUCT_NAME = "$(TARGET_NAME)";
				SWIFT_EMIT_LOC_STRINGS = NO;
				SWIFT_VERSION = 5.0;
				TARGETED_DEVICE_FAMILY = "1,2";
				TEST_HOST = "$(BUILT_PRODUCTS_DIR)/Landmarks.app/$(BUNDLE_EXECUTABLE_FOLDER_PATH)/Landmarks";
			};
			name = Release;
		};
		0606932A2BA3476900037B53 /* Debug */ = {
			isa = XCBuildConfiguration;
			buildSettings = {
				ALWAYS_EMBED_SWIFT_STANDARD_LIBRARIES = YES;
				CODE_SIGN_STYLE = Automatic;
				CURRENT_PROJECT_VERSION = 1;
				GENERATE_INFOPLIST_FILE = YES;
				MARKETING_VERSION = 1.0;
				PRODUCT_BUNDLE_IDENTIFIER = com.example.swiftUI.LandmarksUITests;
				PRODUCT_NAME = "$(TARGET_NAME)";
				SWIFT_EMIT_LOC_STRINGS = NO;
				SWIFT_VERSION = 5.0;
				TARGETED_DEVICE_FAMILY = "1,2";
				TEST_TARGET_NAME = Landmarks;
			};
			name = Debug;
		};
		0606932B2BA3476900037B53 /* Release */ = {
			isa = XCBuildConfiguration;
			buildSettings = {
				ALWAYS_EMBED_SWIFT_STANDARD_LIBRARIES = YES;
				CODE_SIGN_STYLE = Automatic;
				CURRENT_PROJECT_VERSION = 1;
				GENERATE_INFOPLIST_FILE = YES;
				MARKETING_VERSION = 1.0;
				PRODUCT_BUNDLE_IDENTIFIER = com.example.swiftUI.LandmarksUITests;
				PRODUCT_NAME = "$(TARGET_NAME)";
				SWIFT_EMIT_LOC_STRINGS = NO;
				SWIFT_VERSION = 5.0;
				TARGETED_DEVICE_FAMILY = "1,2";
				TEST_TARGET_NAME = Landmarks;
			};
			name = Release;
		};
/* End XCBuildConfiguration section */

/* Begin XCConfigurationList section */
		060692FA2BA3476800037B53 /* Build configuration list for PBXProject "Landmarks" */ = {
			isa = XCConfigurationList;
			buildConfigurations = (
				060693212BA3476900037B53 /* Debug */,
				060693222BA3476900037B53 /* Release */,
			);
			defaultConfigurationIsVisible = 0;
			defaultConfigurationName = Release;
		};
		060693232BA3476900037B53 /* Build configuration list for PBXNativeTarget "Landmarks" */ = {
			isa = XCConfigurationList;
			buildConfigurations = (
				060693242BA3476900037B53 /* Debug */,
				060693252BA3476900037B53 /* Release */,
			);
			defaultConfigurationIsVisible = 0;
			defaultConfigurationName = Release;
		};
		060693262BA3476900037B53 /* Build configuration list for PBXNativeTarget "LandmarksTests" */ = {
			isa = XCConfigurationList;
			buildConfigurations = (
				060693272BA3476900037B53 /* Debug */,
				060693282BA3476900037B53 /* Release */,
			);
			defaultConfigurationIsVisible = 0;
			defaultConfigurationName = Release;
		};
		060693292BA3476900037B53 /* Build configuration list for PBXNativeTarget "LandmarksUITests" */ = {
			isa = XCConfigurationList;
			buildConfigurations = (
				0606932A2BA3476900037B53 /* Debug */,
				0606932B2BA3476900037B53 /* Release */,
			);
			defaultConfigurationIsVisible = 0;
			defaultConfigurationName = Release;
		};
/* End XCConfigurationList section */
	};
	rootObject = 060692F72BA3476800037B53 /* Project object */;
}
